# This file is autogenerated, do not edit; changes may be undone by the next 'dep ensure'.


[[projects]]
  branch = "master"
  name = "github.com/taybartski/log"
  packages = ["."]
  revision = "ebf9a950e1deb8e9c34ece16637d7b90cc883c27"

[solve-meta]
  analyzer-name = "dep"
  analyzer-version = 1
  inputs-digest = "b54147b99b677308d8bd0158c12108075aa545c31a43a66c41449ccb9b207a02"
  solver-name = "gps-cdcl"
  solver-version = 1
